# MeshCore upstream reference lock.
#
# This file is intentionally simple so lightweight tools can parse it without
# extra dependencies. Paths are relative to the MeshCore repository root.

reference_path=.reference/meshcore
commit=d92964352441e53b93e8667b802e04f6e072b39e
description=* version 1.17.1

# Evidence roots used by the stabilized C-library architecture.
protocol_core_root=.reference/meshcore/src
runtime_examples_root=.reference/meshcore/examples
