# MeshCore upstream reference lock.
#
# This file is intentionally simple so lightweight tools can parse it without
# extra dependencies. Paths are relative to the MeshCore repository root.

reference_path=.reference/meshcore
commit=a3a1aa5e3be34b42d8ac8c2cc244d30af6cdd71e
description=Merge pull request #1865 from MeshEnvy/fix/python-json-parse-error

# Evidence roots used by the stabilized C-library architecture.
protocol_core_root=.reference/meshcore/src
runtime_examples_root=.reference/meshcore/examples
